{
  "version": "5",
  "specifiers": {
    "npm:@tauri-apps/api@^2.6.0": "2.11.1",
    "npm:@tauri-apps/plugin-dialog@^2.3.0": "2.7.1",
    "npm:base64-js@^1.5.1": "1.5.1",
    "npm:js-base64@^3.9.3": "3.9.3",
    "npm:tauri-plugin-fs-pro-api@^2.4.0": "2.4.0"
  },
  "npm": {
    "@tauri-apps/api@2.11.1": {
      "integrity": "sha512-M2FPuYND2m+wh5hfW9ZpSdxMPdEJovPBWwoHJmwUpysTYNHaOkVFN419m/K0LIgjb/7KU2vBgsUepJWugQCvAA=="
    },
    "@tauri-apps/plugin-dialog@2.7.1": {
      "integrity": "sha512-OK1UBXYt+ojcmxMktzzuyonYIFta8CmAASpX+CA+DTGK24KlHjhYI6x2iOJ/TjZF4N7/ACK1oFmEOjIY9IhzOQ==",
      "dependencies": [
        "@tauri-apps/api"
      ]
    },
    "base64-js@1.5.1": {
      "integrity": "sha512-AKpaYlHn8t4SVbOHCy+b5+KKgvR4vrsD8vbvrbiQJps7fKDTkjkDry6ji0rUJjC0kzbNePLwzxq8iypo41qeWA=="
    },
    "js-base64@3.9.3": {
      "integrity": "sha512-uwYQp+VJ38FVvtim6qNbit6e9uT6dwWQ4Y1+H9TxhW5hcHjpHwoxlR0nMpqUmIFOmu4VqMxwdJA88gIVuZJQ/g=="
    },
    "tauri-plugin-fs-pro-api@2.4.0": {
      "integrity": "sha512-SfXMQC3SClaHCzEfrQOeSgQvx+YrlfQQpbbtj1U9LJhRjhwpIsC71UqtzcI2J7aJTt5njD+7Oe8daa3mH0Eybg==",
      "dependencies": [
        "@tauri-apps/api"
      ]
    }
  },
  "workspace": {
    "packageJson": {
      "dependencies": [
        "npm:@tauri-apps/api@^2.6.0",
        "npm:@tauri-apps/plugin-dialog@^2.3.0",
        "npm:base64-js@^1.5.1",
        "npm:js-base64@^3.9.3",
        "npm:tauri-plugin-fs-pro-api@^2.4.0"
      ]
    }
  }
}
